
Microsoft Visual Studio Solution File, Format Version 12.00
# Visual Studio Version 17
VisualStudioVersion = 17.8.34330.188
MinimumVisualStudioVersion = 10.0.40219.1
Project("{FAE04EC0-301F-11D3-BF4B-00C04F79EFBC}") = "дз1", "дз1\дз1.csproj", "{CFE894A3-87BF-49D5-A157-6A6C0DC948D3}"
EndProject
Global
	GlobalSection(SolutionConfigurationPlatforms) = preSolution
		Debug|Any CPU = Debug|Any CPU
		Release|Any CPU = Release|Any CPU
	EndGlobalSection
	GlobalSection(ProjectConfigurationPlatforms) = postSolution
		{CFE894A3-87BF-49D5-A157-6A6C0DC948D3}.Debug|Any CPU.ActiveCfg = Debug|Any CPU
		{CFE894A3-87BF-49D5-A157-6A6C0DC948D3}.Debug|Any CPU.Build.0 = Debug|Any CPU
		{CFE894A3-87BF-49D5-A157-6A6C0DC948D3}.Release|Any CPU.ActiveCfg = Release|Any CPU
		{CFE894A3-87BF-49D5-A157-6A6C0DC948D3}.Release|Any CPU.Build.0 = Release|Any CPU
	EndGlobalSection
	GlobalSection(SolutionProperties) = preSolution
		HideSolutionNode = FALSE
	EndGlobalSection
	GlobalSection(ExtensibilityGlobals) = postSolution
		SolutionGuid = {896C9C7A-9771-4CF6-877F-6DD77D200BE8}
	EndGlobalSection
EndGlobal
